
Microsoft Visual Studio Solution File, Format Version 12.00
# Visual Studio Version 17
VisualStudioVersion = 17.2.32505.173
MinimumVisualStudioVersion = 10.0.40219.1
Project("{9A19103F-16F7-4668-BE54-9A1E7A4F7556}") = "iMessengerCoreAPI", "iMessengerCoreAPI\iMessengerCoreAPI.csproj", "{9CB6A8C9-DDC8-46D6-B9EE-9966B65CD6A7}"
EndProject
Project("{9A19103F-16F7-4668-BE54-9A1E7A4F7556}") = "iMessenger.Contract", "iMessenger.Contract\iMessenger.Contract\iMessenger.Contract.csproj", "{43F2965C-1535-418F-A2DC-80AEFF215CAE}"
EndProject
Project("{9A19103F-16F7-4668-BE54-9A1E7A4F7556}") = "iMessenger", "iMessenger\iMessenger\iMessenger.csproj", "{D02973DD-D963-47C8-86C8-0E934139802D}"
EndProject
Project("{2150E333-8FDC-42A3-9474-1A3956D46DE8}") = "Shared", "Shared", "{7F2C8E45-A995-4655-87FA-E32176FC614B}"
EndProject
Project("{2150E333-8FDC-42A3-9474-1A3956D46DE8}") = "Services", "Services", "{18FE90FD-DDED-496C-84C2-1011AE8A46D6}"
EndProject
Project("{FAE04EC0-301F-11D3-BF4B-00C04F79EFBC}") = "iMessenger.Shared.Services", "Shared\Services\iMessenger.Shared.Services\iMessenger.Shared.Services\iMessenger.Shared.Services.csproj", "{CE9A345A-A0A2-48F1-97FC-29FE456917A7}"
EndProject
Global
	GlobalSection(SolutionConfigurationPlatforms) = preSolution
		Debug|Any CPU = Debug|Any CPU
		Release|Any CPU = Release|Any CPU
	EndGlobalSection
	GlobalSection(ProjectConfigurationPlatforms) = postSolution
		{9CB6A8C9-DDC8-46D6-B9EE-9966B65CD6A7}.Debug|Any CPU.ActiveCfg = Debug|Any CPU
		{9CB6A8C9-DDC8-46D6-B9EE-9966B65CD6A7}.Debug|Any CPU.Build.0 = Debug|Any CPU
		{9CB6A8C9-DDC8-46D6-B9EE-9966B65CD6A7}.Release|Any CPU.ActiveCfg = Release|Any CPU
		{9CB6A8C9-DDC8-46D6-B9EE-9966B65CD6A7}.Release|Any CPU.Build.0 = Release|Any CPU
		{43F2965C-1535-418F-A2DC-80AEFF215CAE}.Debug|Any CPU.ActiveCfg = Debug|Any CPU
		{43F2965C-1535-418F-A2DC-80AEFF215CAE}.Debug|Any CPU.Build.0 = Debug|Any CPU
		{43F2965C-1535-418F-A2DC-80AEFF215CAE}.Release|Any CPU.ActiveCfg = Release|Any CPU
		{43F2965C-1535-418F-A2DC-80AEFF215CAE}.Release|Any CPU.Build.0 = Release|Any CPU
		{D02973DD-D963-47C8-86C8-0E934139802D}.Debug|Any CPU.ActiveCfg = Debug|Any CPU
		{D02973DD-D963-47C8-86C8-0E934139802D}.Debug|Any CPU.Build.0 = Debug|Any CPU
		{D02973DD-D963-47C8-86C8-0E934139802D}.Release|Any CPU.ActiveCfg = Release|Any CPU
		{D02973DD-D963-47C8-86C8-0E934139802D}.Release|Any CPU.Build.0 = Release|Any CPU
		{CE9A345A-A0A2-48F1-97FC-29FE456917A7}.Debug|Any CPU.ActiveCfg = Debug|Any CPU
		{CE9A345A-A0A2-48F1-97FC-29FE456917A7}.Debug|Any CPU.Build.0 = Debug|Any CPU
		{CE9A345A-A0A2-48F1-97FC-29FE456917A7}.Release|Any CPU.ActiveCfg = Release|Any CPU
		{CE9A345A-A0A2-48F1-97FC-29FE456917A7}.Release|Any CPU.Build.0 = Release|Any CPU
	EndGlobalSection
	GlobalSection(SolutionProperties) = preSolution
		HideSolutionNode = FALSE
	EndGlobalSection
	GlobalSection(NestedProjects) = preSolution
		{18FE90FD-DDED-496C-84C2-1011AE8A46D6} = {7F2C8E45-A995-4655-87FA-E32176FC614B}
		{CE9A345A-A0A2-48F1-97FC-29FE456917A7} = {18FE90FD-DDED-496C-84C2-1011AE8A46D6}
	EndGlobalSection
	GlobalSection(ExtensibilityGlobals) = postSolution
		SolutionGuid = {50E38613-FE92-4A68-8EEB-138C047DD37B}
	EndGlobalSection
EndGlobal
